
Microsoft Visual Studio Solution File, Format Version 12.00
# Visual Studio Version 17
VisualStudioVersion = 17.14.36915.13 d17.14
MinimumVisualStudioVersion = 10.0.40219.1
Project("{8BC9CEB8-8B4A-11D0-8D11-00A0C91BC942}") = "Cinema", "Cinema\Cinema.vcxproj", "{6EDBBE7F-FF79-46B0-B301-80CDB099FB4A}"
EndProject
Global
	GlobalSection(SolutionConfigurationPlatforms) = preSolution
		Debug|x64 = Debug|x64
		Debug|x86 = Debug|x86
		Release|x64 = Release|x64
		Release|x86 = Release|x86
	EndGlobalSection
	GlobalSection(ProjectConfigurationPlatforms) = postSolution
		{6EDBBE7F-FF79-46B0-B301-80CDB099FB4A}.Debug|x64.ActiveCfg = Debug|x64
		{6EDBBE7F-FF79-46B0-B301-80CDB099FB4A}.Debug|x64.Build.0 = Debug|x64
		{6EDBBE7F-FF79-46B0-B301-80CDB099FB4A}.Debug|x86.ActiveCfg = Debug|Win32
		{6EDBBE7F-FF79-46B0-B301-80CDB099FB4A}.Debug|x86.Build.0 = Debug|Win32
		{6EDBBE7F-FF79-46B0-B301-80CDB099FB4A}.Release|x64.ActiveCfg = Release|x64
		{6EDBBE7F-FF79-46B0-B301-80CDB099FB4A}.Release|x64.Build.0 = Release|x64
		{6EDBBE7F-FF79-46B0-B301-80CDB099FB4A}.Release|x86.ActiveCfg = Release|Win32
		{6EDBBE7F-FF79-46B0-B301-80CDB099FB4A}.Release|x86.Build.0 = Release|Win32
	EndGlobalSection
	GlobalSection(SolutionProperties) = preSolution
		HideSolutionNode = FALSE
	EndGlobalSection
	GlobalSection(ExtensibilityGlobals) = postSolution
		SolutionGuid = {2CD09537-110B-479D-BD13-F5EF77A525B9}
	EndGlobalSection
EndGlobal
